// !$*UTF8*$!
{
	archiveVersion = 1;
	classes = {
	};
	objectVersion = 48;
	objects = {

/* Begin PBXBuildFile section */
		4D7EF85C1FEB70D7003D90D2 /* AppDelegate.swift in Sources */ = {isa = PBXBuildFile; fileRef = 4D7EF85B1FEB70D7003D90D2 /* AppDelegate.swift */; };
		4D7EF85E1FEB70D7003D90D2 /* ViewController.swift in Sources */ = {isa = PBXBuildFile; fileRef = 4D7EF85D1FEB70D7003D90D2 /* ViewController.swift */; };
		4D7EF8601FEB70D7003D90D2 /* Assets.xcassets in Resources */ = {isa = PBXBuildFile; fileRef = 4D7EF85F1FEB70D7003D90D2 /* Assets.xcassets */; };
		4D7EF8631FEB70D7003D90D2 /* Main.storyboard in Resources */ = {isa = PBXBuildFile; fileRef = 4D7EF8611FEB70D7003D90D2 /* Main.storyboard */; };
		4D7EF86F1FEB70D8003D90D2 /* VoltaTests.swift in Sources */ = {isa = PBXBuildFile; fileRef = 4D7EF86E1FEB70D8003D90D2 /* VoltaTests.swift */; };
		4D7EF87A1FEB70D8003D90D2 /* VoltaUITests.swift in Sources */ = {isa = PBXBuildFile; fileRef = 4D7EF8791FEB70D8003D90D2 /* VoltaUITests.swift */; };
		4D7EF88B1FEB784E003D90D2 /* Main.swift in Sources */ = {isa = PBXBuildFile; fileRef = 4D7EF88A1FEB784E003D90D2 /* Main.swift */; };
		4D8FAAB221FD539400646093 /* ControlPortEnumerator.swift in Sources */ = {isa = PBXBuildFile; fileRef = 4D8FAAB121FD539400646093 /* ControlPortEnumerator.swift */; };
		4D8FAAB421FD634100646093 /* ORSSerial.framework in Frameworks */ = {isa = PBXBuildFile; fileRef = 4D8FAAB321FD634100646093 /* ORSSerial.framework */; };
		4D8FAAB521FD634100646093 /* ORSSerial.framework in Embed Frameworks */ = {isa = PBXBuildFile; fileRef = 4D8FAAB321FD634100646093 /* ORSSerial.framework */; settings = {ATTRIBUTES = (CodeSignOnCopy, RemoveHeadersOnCopy, ); }; };
		4D8FAAB921FD637700646093 /* ORSSerial.framework.dSYM in CopyFiles */ = {isa = PBXBuildFile; fileRef = 4D8FAAB821FD637700646093 /* ORSSerial.framework.dSYM */; };
		4DA3096C1FF1C7DE002BDE2E /* PowerSupply.swift in Sources */ = {isa = PBXBuildFile; fileRef = 4DA3096B1FF1C7DE002BDE2E /* PowerSupply.swift */; };
		4DA3096E1FF1D2AC002BDE2E /* PowerSupplyUpdateDelegate.swift in Sources */ = {isa = PBXBuildFile; fileRef = 4DA3096D1FF1D2AC002BDE2E /* PowerSupplyUpdateDelegate.swift */; };
		4DA309701FF1D517002BDE2E /* PowerSupplyUpdate.swift in Sources */ = {isa = PBXBuildFile; fileRef = 4DA3096F1FF1D517002BDE2E /* PowerSupplyUpdate.swift */; };
		4DA309731FF1D7E4002BDE2E /* BK168xB.swift in Sources */ = {isa = PBXBuildFile; fileRef = 4DA309721FF1D7E4002BDE2E /* BK168xB.swift */; };
/* End PBXBuildFile section */

/* Begin PBXContainerItemProxy section */
		4D7EF86B1FEB70D8003D90D2 /* PBXContainerItemProxy */ = {
			isa = PBXContainerItemProxy;
			containerPortal = 4D7EF8501FEB70D7003D90D2 /* Project object */;
			proxyType = 1;
			remoteGlobalIDString = 4D7EF8571FEB70D7003D90D2;
			remoteInfo = Volta;
		};
		4D7EF8761FEB70D8003D90D2 /* PBXContainerItemProxy */ = {
			isa = PBXContainerItemProxy;
			containerPortal = 4D7EF8501FEB70D7003D90D2 /* Project object */;
			proxyType = 1;
			remoteGlobalIDString = 4D7EF8571FEB70D7003D90D2;
			remoteInfo = Volta;
		};
/* End PBXContainerItemProxy section */

/* Begin PBXCopyFilesBuildPhase section */
		4D8FAAB621FD634100646093 /* Embed Frameworks */ = {
			isa = PBXCopyFilesBuildPhase;
			buildActionMask = 2147483647;
			dstPath = "";
			dstSubfolderSpec = 10;
			files = (
				4D8FAAB521FD634100646093 /* ORSSerial.framework in Embed Frameworks */,
			);
			name = "Embed Frameworks";
			runOnlyForDeploymentPostprocessing = 0;
		};
		4D8FAAB721FD634F00646093 /* CopyFiles */ = {
			isa = PBXCopyFilesBuildPhase;
			buildActionMask = 2147483647;
			dstPath = "";
			dstSubfolderSpec = 16;
			files = (
				4D8FAAB921FD637700646093 /* ORSSerial.framework.dSYM in CopyFiles */,
			);
			runOnlyForDeploymentPostprocessing = 0;
		};
/* End PBXCopyFilesBuildPhase section */

/* Begin PBXFileReference section */
		4D7EF8581FEB70D7003D90D2 /* Volta.app */ = {isa = PBXFileReference; explicitFileType = wrapper.application; includeInIndex = 0; path = Volta.app; sourceTree = BUILT_PRODUCTS_DIR; };
		4D7EF85B1FEB70D7003D90D2 /* AppDelegate.swift */ = {isa = PBXFileReference; lastKnownFileType = sourcecode.swift; path = AppDelegate.swift; sourceTree = "<group>"; };
		4D7EF85D1FEB70D7003D90D2 /* ViewController.swift */ = {isa = PBXFileReference; lastKnownFileType = sourcecode.swift; path = ViewController.swift; sourceTree = "<group>"; };
		4D7EF85F1FEB70D7003D90D2 /* Assets.xcassets */ = {isa = PBXFileReference; lastKnownFileType = folder.assetcatalog; path = Assets.xcassets; sourceTree = "<group>"; };
		4D7EF8621FEB70D7003D90D2 /* Base */ = {isa = PBXFileReference; lastKnownFileType = file.storyboard; name = Base; path = Base.lproj/Main.storyboard; sourceTree = "<group>"; };
		4D7EF8641FEB70D7003D90D2 /* Info.plist */ = {isa = PBXFileReference; lastKnownFileType = text.plist.xml; path = Info.plist; sourceTree = "<group>"; };
		4D7EF8651FEB70D7003D90D2 /* Volta.entitlements */ = {isa = PBXFileReference; lastKnownFileType = text.plist.entitlements; path = Volta.entitlements; sourceTree = "<group>"; };
		4D7EF86A1FEB70D8003D90D2 /* VoltaTests.xctest */ = {isa = PBXFileReference; explicitFileType = wrapper.cfbundle; includeInIndex = 0; path = VoltaTests.xctest; sourceTree = BUILT_PRODUCTS_DIR; };
		4D7EF86E1FEB70D8003D90D2 /* VoltaTests.swift */ = {isa = PBXFileReference; lastKnownFileType = sourcecode.swift; path = VoltaTests.swift; sourceTree = "<group>"; };
		4D7EF8701FEB70D8003D90D2 /* Info.plist */ = {isa = PBXFileReference; lastKnownFileType = text.plist.xml; path = Info.plist; sourceTree = "<group>"; };
		4D7EF8751FEB70D8003D90D2 /* VoltaUITests.xctest */ = {isa = PBXFileReference; explicitFileType = wrapper.cfbundle; includeInIndex = 0; path = VoltaUITests.xctest; sourceTree = BUILT_PRODUCTS_DIR; };
		4D7EF8791FEB70D8003D90D2 /* VoltaUITests.swift */ = {isa = PBXFileReference; lastKnownFileType = sourcecode.swift; path = VoltaUITests.swift; sourceTree = "<group>"; };
		4D7EF87B1FEB70D8003D90D2 /* Info.plist */ = {isa = PBXFileReference; lastKnownFileType = text.plist.xml; path = Info.plist; sourceTree = "<group>"; };
		4D7EF88A1FEB784E003D90D2 /* Main.swift */ = {isa = PBXFileReference; lastKnownFileType = sourcecode.swift; path = Main.swift; sourceTree = "<group>"; };
		4D8FAAB121FD539400646093 /* ControlPortEnumerator.swift */ = {isa = PBXFileReference; lastKnownFileType = sourcecode.swift; path = ControlPortEnumerator.swift; sourceTree = "<group>"; };
		4D8FAAB321FD634100646093 /* ORSSerial.framework */ = {isa = PBXFileReference; lastKnownFileType = wrapper.framework; name = ORSSerial.framework; path = Carthage/Build/Mac/ORSSerial.framework; sourceTree = "<group>"; };
		4D8FAAB821FD637700646093 /* ORSSerial.framework.dSYM */ = {isa = PBXFileReference; lastKnownFileType = wrapper.dsym; name = ORSSerial.framework.dSYM; path = Carthage/Build/Mac/ORSSerial.framework.dSYM; sourceTree = "<group>"; };
		4DA3096B1FF1C7DE002BDE2E /* PowerSupply.swift */ = {isa = PBXFileReference; lastKnownFileType = sourcecode.swift; path = PowerSupply.swift; sourceTree = "<group>"; };
		4DA3096D1FF1D2AC002BDE2E /* PowerSupplyUpdateDelegate.swift */ = {isa = PBXFileReference; lastKnownFileType = sourcecode.swift; path = PowerSupplyUpdateDelegate.swift; sourceTree = "<group>"; };
		4DA3096F1FF1D517002BDE2E /* PowerSupplyUpdate.swift */ = {isa = PBXFileReference; lastKnownFileType = sourcecode.swift; path = PowerSupplyUpdate.swift; sourceTree = "<group>"; };
		4DA309721FF1D7E4002BDE2E /* BK168xB.swift */ = {isa = PBXFileReference; lastKnownFileType = sourcecode.swift; path = BK168xB.swift; sourceTree = "<group>"; };
/* End PBXFileReference section */

/* Begin PBXFrameworksBuildPhase section */
		4D7EF8551FEB70D7003D90D2 /* Frameworks */ = {
			isa = PBXFrameworksBuildPhase;
			buildActionMask = 2147483647;
			files = (
				4D8FAAB421FD634100646093 /* ORSSerial.framework in Frameworks */,
			);
			runOnlyForDeploymentPostprocessing = 0;
		};
		4D7EF8671FEB70D8003D90D2 /* Frameworks */ = {
			isa = PBXFrameworksBuildPhase;
			buildActionMask = 2147483647;
			files = (
			);
			runOnlyForDeploymentPostprocessing = 0;
		};
		4D7EF8721FEB70D8003D90D2 /* Frameworks */ = {
			isa = PBXFrameworksBuildPhase;
			buildActionMask = 2147483647;
			files = (
			);
			runOnlyForDeploymentPostprocessing = 0;
		};
/* End PBXFrameworksBuildPhase section */

/* Begin PBXGroup section */
		4D7EF84F1FEB70D7003D90D2 = {
			isa = PBXGroup;
			children = (
				4D8FAAB821FD637700646093 /* ORSSerial.framework.dSYM */,
				4D8FAAB321FD634100646093 /* ORSSerial.framework */,
				4D7EF85A1FEB70D7003D90D2 /* Volta */,
				4D7EF86D1FEB70D8003D90D2 /* VoltaTests */,
				4D7EF8781FEB70D8003D90D2 /* VoltaUITests */,
				4D7EF8591FEB70D7003D90D2 /* Products */,
			);
			sourceTree = "<group>";
		};
		4D7EF8591FEB70D7003D90D2 /* Products */ = {
			isa = PBXGroup;
			children = (
				4D7EF8581FEB70D7003D90D2 /* Volta.app */,
				4D7EF86A1FEB70D8003D90D2 /* VoltaTests.xctest */,
				4D7EF8751FEB70D8003D90D2 /* VoltaUITests.xctest */,
			);
			name = Products;
			sourceTree = "<group>";
		};
		4D7EF85A1FEB70D7003D90D2 /* Volta */ = {
			isa = PBXGroup;
			children = (
				4DA309711FF1D7B1002BDE2E /* PowerSupplies */,
				4DA3096A1FF1C791002BDE2E /* PowerSupplyInterface */,
				4D7EF88C1FEB789E003D90D2 /* Controllers */,
				4D7EF8871FEB77BE003D90D2 /* Views */,
				4D7EF85B1FEB70D7003D90D2 /* AppDelegate.swift */,
				4D7EF85D1FEB70D7003D90D2 /* ViewController.swift */,
				4D7EF85F1FEB70D7003D90D2 /* Assets.xcassets */,
				4D7EF8611FEB70D7003D90D2 /* Main.storyboard */,
				4D7EF8641FEB70D7003D90D2 /* Info.plist */,
				4D7EF8651FEB70D7003D90D2 /* Volta.entitlements */,
				4D8FAAB121FD539400646093 /* ControlPortEnumerator.swift */,
			);
			path = Volta;
			sourceTree = "<group>";
		};
		4D7EF86D1FEB70D8003D90D2 /* VoltaTests */ = {
			isa = PBXGroup;
			children = (
				4D7EF86E1FEB70D8003D90D2 /* VoltaTests.swift */,
				4D7EF8701FEB70D8003D90D2 /* Info.plist */,
			);
			path = VoltaTests;
			sourceTree = "<group>";
		};
		4D7EF8781FEB70D8003D90D2 /* VoltaUITests */ = {
			isa = PBXGroup;
			children = (
				4D7EF8791FEB70D8003D90D2 /* VoltaUITests.swift */,
				4D7EF87B1FEB70D8003D90D2 /* Info.plist */,
			);
			path = VoltaUITests;
			sourceTree = "<group>";
		};
		4D7EF8871FEB77BE003D90D2 /* Views */ = {
			isa = PBXGroup;
			children = (
				4D7EF88A1FEB784E003D90D2 /* Main.swift */,
			);
			path = Views;
			sourceTree = "<group>";
		};
		4D7EF88C1FEB789E003D90D2 /* Controllers */ = {
			isa = PBXGroup;
			children = (
			);
			path = Controllers;
			sourceTree = "<group>";
		};
		4DA3096A1FF1C791002BDE2E /* PowerSupplyInterface */ = {
			isa = PBXGroup;
			children = (
				4DA3096B1FF1C7DE002BDE2E /* PowerSupply.swift */,
				4DA3096D1FF1D2AC002BDE2E /* PowerSupplyUpdateDelegate.swift */,
				4DA3096F1FF1D517002BDE2E /* PowerSupplyUpdate.swift */,
			);
			path = PowerSupplyInterface;
			sourceTree = "<group>";
		};
		4DA309711FF1D7B1002BDE2E /* PowerSupplies */ = {
			isa = PBXGroup;
			children = (
				4DA309721FF1D7E4002BDE2E /* BK168xB.swift */,
			);
			path = PowerSupplies;
			sourceTree = "<group>";
		};
/* End PBXGroup section */

/* Begin PBXNativeTarget section */
		4D7EF8571FEB70D7003D90D2 /* Volta */ = {
			isa = PBXNativeTarget;
			buildConfigurationList = 4D7EF87E1FEB70D8003D90D2 /* Build configuration list for PBXNativeTarget "Volta" */;
			buildPhases = (
				4D7EF8541FEB70D7003D90D2 /* Sources */,
				4D7EF8551FEB70D7003D90D2 /* Frameworks */,
				4D7EF8561FEB70D7003D90D2 /* Resources */,
				4D8FAAB621FD634100646093 /* Embed Frameworks */,
				4D8FAAB721FD634F00646093 /* CopyFiles */,
			);
			buildRules = (
			);
			dependencies = (
			);
			name = Volta;
			productName = Volta;
			productReference = 4D7EF8581FEB70D7003D90D2 /* Volta.app */;
			productType = "com.apple.product-type.application";
		};
		4D7EF8691FEB70D8003D90D2 /* VoltaTests */ = {
			isa = PBXNativeTarget;
			buildConfigurationList = 4D7EF8811FEB70D8003D90D2 /* Build configuration list for PBXNativeTarget "VoltaTests" */;
			buildPhases = (
				4D7EF8661FEB70D8003D90D2 /* Sources */,
				4D7EF8671FEB70D8003D90D2 /* Frameworks */,
				4D7EF8681FEB70D8003D90D2 /* Resources */,
			);
			buildRules = (
			);
			dependencies = (
				4D7EF86C1FEB70D8003D90D2 /* PBXTargetDependency */,
			);
			name = VoltaTests;
			productName = VoltaTests;
			productReference = 4D7EF86A1FEB70D8003D90D2 /* VoltaTests.xctest */;
			productType = "com.apple.product-type.bundle.unit-test";
		};
		4D7EF8741FEB70D8003D90D2 /* VoltaUITests */ = {
			isa = PBXNativeTarget;
			buildConfigurationList = 4D7EF8841FEB70D8003D90D2 /* Build configuration list for PBXNativeTarget "VoltaUITests" */;
			buildPhases = (
				4D7EF8711FEB70D8003D90D2 /* Sources */,
				4D7EF8721FEB70D8003D90D2 /* Frameworks */,
				4D7EF8731FEB70D8003D90D2 /* Resources */,
			);
			buildRules = (
			);
			dependencies = (
				4D7EF8771FEB70D8003D90D2 /* PBXTargetDependency */,
			);
			name = VoltaUITests;
			productName = VoltaUITests;
			productReference = 4D7EF8751FEB70D8003D90D2 /* VoltaUITests.xctest */;
			productType = "com.apple.product-type.bundle.ui-testing";
		};
/* End PBXNativeTarget section */

/* Begin PBXProject section */
		4D7EF8501FEB70D7003D90D2 /* Project object */ = {
			isa = PBXProject;
			attributes = {
				LastSwiftUpdateCheck = 0920;
				LastUpgradeCheck = 0920;
				ORGANIZATIONNAME = "Neil Betham";
				TargetAttributes = {
					4D7EF8571FEB70D7003D90D2 = {
						CreatedOnToolsVersion = 9.2;
						LastSwiftMigration = 1010;
						ProvisioningStyle = Automatic;
						SystemCapabilities = {
							com.apple.Sandbox = {
								enabled = 0;
							};
						};
					};
					4D7EF8691FEB70D8003D90D2 = {
						CreatedOnToolsVersion = 9.2;
						LastSwiftMigration = 1010;
						ProvisioningStyle = Automatic;
						TestTargetID = 4D7EF8571FEB70D7003D90D2;
					};
					4D7EF8741FEB70D8003D90D2 = {
						CreatedOnToolsVersion = 9.2;
						LastSwiftMigration = 1010;
						ProvisioningStyle = Automatic;
						TestTargetID = 4D7EF8571FEB70D7003D90D2;
					};
				};
			};
			buildConfigurationList = 4D7EF8531FEB70D7003D90D2 /* Build configuration list for PBXProject "Volta" */;
			compatibilityVersion = "Xcode 8.0";
			developmentRegion = en;
			hasScannedForEncodings = 0;
			knownRegions = (
				en,
				Base,
			);
			mainGroup = 4D7EF84F1FEB70D7003D90D2;
			productRefGroup = 4D7EF8591FEB70D7003D90D2 /* Products */;
			projectDirPath = "";
			projectRoot = "";
			targets = (
				4D7EF8571FEB70D7003D90D2 /* Volta */,
				4D7EF8691FEB70D8003D90D2 /* VoltaTests */,
				4D7EF8741FEB70D8003D90D2 /* VoltaUITests */,
			);
		};
/* End PBXProject section */

/* Begin PBXResourcesBuildPhase section */
		4D7EF8561FEB70D7003D90D2 /* Resources */ = {
			isa = PBXResourcesBuildPhase;
			buildActionMask = 2147483647;
			files = (
				4D7EF8601FEB70D7003D90D2 /* Assets.xcassets in Resources */,
				4D7EF8631FEB70D7003D90D2 /* Main.storyboard in Resources */,
			);
			runOnlyForDeploymentPostprocessing = 0;
		};
		4D7EF8681FEB70D8003D90D2 /* Resources */ = {
			isa = PBXResourcesBuildPhase;
			buildActionMask = 2147483647;
			files = (
			);
			runOnlyForDeploymentPostprocessing = 0;
		};
		4D7EF8731FEB70D8003D90D2 /* Resources */ = {
			isa = PBXResourcesBuildPhase;
			buildActionMask = 2147483647;
			files = (
			);
			runOnlyForDeploymentPostprocessing = 0;
		};
/* End PBXResourcesBuildPhase section */

/* Begin PBXSourcesBuildPhase section */
		4D7EF8541FEB70D7003D90D2 /* Sources */ = {
			isa = PBXSourcesBuildPhase;
			buildActionMask = 2147483647;
			files = (
				4DA309701FF1D517002BDE2E /* PowerSupplyUpdate.swift in Sources */,
				4DA3096E1FF1D2AC002BDE2E /* PowerSupplyUpdateDelegate.swift in Sources */,
				4DA3096C1FF1C7DE002BDE2E /* PowerSupply.swift in Sources */,
				4D7EF88B1FEB784E003D90D2 /* Main.swift in Sources */,
				4D7EF85E1FEB70D7003D90D2 /* ViewController.swift in Sources */,
				4DA309731FF1D7E4002BDE2E /* BK168xB.swift in Sources */,
				4D8FAAB221FD539400646093 /* ControlPortEnumerator.swift in Sources */,
				4D7EF85C1FEB70D7003D90D2 /* AppDelegate.swift in Sources */,
			);
			runOnlyForDeploymentPostprocessing = 0;
		};
		4D7EF8661FEB70D8003D90D2 /* Sources */ = {
			isa = PBXSourcesBuildPhase;
			buildActionMask = 2147483647;
			files = (
				4D7EF86F1FEB70D8003D90D2 /* VoltaTests.swift in Sources */,
			);
			runOnlyForDeploymentPostprocessing = 0;
		};
		4D7EF8711FEB70D8003D90D2 /* Sources */ = {
			isa = PBXSourcesBuildPhase;
			buildActionMask = 2147483647;
			files = (
				4D7EF87A1FEB70D8003D90D2 /* VoltaUITests.swift in Sources */,
			);
			runOnlyForDeploymentPostprocessing = 0;
		};
/* End PBXSourcesBuildPhase section */

/* Begin PBXTargetDependency section */
		4D7EF86C1FEB70D8003D90D2 /* PBXTargetDependency */ = {
			isa = PBXTargetDependency;
			target = 4D7EF8571FEB70D7003D90D2 /* Volta */;
			targetProxy = 4D7EF86B1FEB70D8003D90D2 /* PBXContainerItemProxy */;
		};
		4D7EF8771FEB70D8003D90D2 /* PBXTargetDependency */ = {
			isa = PBXTargetDependency;
			target = 4D7EF8571FEB70D7003D90D2 /* Volta */;
			targetProxy = 4D7EF8761FEB70D8003D90D2 /* PBXContainerItemProxy */;
		};
/* End PBXTargetDependency section */

/* Begin PBXVariantGroup section */
		4D7EF8611FEB70D7003D90D2 /* Main.storyboard */ = {
			isa = PBXVariantGroup;
			children = (
				4D7EF8621FEB70D7003D90D2 /* Base */,
			);
			name = Main.storyboard;
			sourceTree = "<group>";
		};
/* End PBXVariantGroup section */

/* Begin XCBuildConfiguration section */
		4D7EF87C1FEB70D8003D90D2 /* Debug */ = {
			isa = XCBuildConfiguration;
			buildSettings = {
				ALWAYS_SEARCH_USER_PATHS = NO;
				CLANG_ANALYZER_NONNULL = YES;
				CLANG_ANALYZER_NUMBER_OBJECT_CONVERSION = YES_AGGRESSIVE;
				CLANG_CXX_LANGUAGE_STANDARD = "gnu++14";
				CLANG_CXX_LIBRARY = "libc++";
				CLANG_ENABLE_MODULES = YES;
				CLANG_ENABLE_OBJC_ARC = YES;
				CLANG_WARN_BLOCK_CAPTURE_AUTORELEASING = YES;
				CLANG_WARN_BOOL_CONVERSION = YES;
				CLANG_WARN_COMMA = YES;
				CLANG_WARN_CONSTANT_CONVERSION = YES;
				CLANG_WARN_DIRECT_OBJC_ISA_USAGE = YES_ERROR;
				CLANG_WARN_DOCUMENTATION_COMMENTS = YES;
				CLANG_WARN_EMPTY_BODY = YES;
				CLANG_WARN_ENUM_CONVERSION = YES;
				CLANG_WARN_INFINITE_RECURSION = YES;
				CLANG_WARN_INT_CONVERSION = YES;
				CLANG_WARN_NON_LITERAL_NULL_CONVERSION = YES;
				CLANG_WARN_OBJC_LITERAL_CONVERSION = YES;
				CLANG_WARN_OBJC_ROOT_CLASS = YES_ERROR;
				CLANG_WARN_RANGE_LOOP_ANALYSIS = YES;
				CLANG_WARN_STRICT_PROTOTYPES = YES;
				CLANG_WARN_SUSPICIOUS_MOVE = YES;
				CLANG_WARN_UNGUARDED_AVAILABILITY = YES_AGGRESSIVE;
				CLANG_WARN_UNREACHABLE_CODE = YES;
				CLANG_WARN__DUPLICATE_METHOD_MATCH = YES;
				CODE_SIGN_IDENTITY = "-";
				COPY_PHASE_STRIP = NO;
				DEBUG_INFORMATION_FORMAT = dwarf;
				ENABLE_STRICT_OBJC_MSGSEND = YES;
				ENABLE_TESTABILITY = YES;
				GCC_C_LANGUAGE_STANDARD = gnu11;
				GCC_DYNAMIC_NO_PIC = NO;
				GCC_NO_COMMON_BLOCKS = YES;
				GCC_OPTIMIZATION_LEVEL = 0;
				GCC_PREPROCESSOR_DEFINITIONS = (
					"DEBUG=1",
					"$(inherited)",
				);
				GCC_WARN_64_TO_32_BIT_CONVERSION = YES;
				GCC_WARN_ABOUT_RETURN_TYPE = YES_ERROR;
				GCC_WARN_UNDECLARED_SELECTOR = YES;
				GCC_WARN_UNINITIALIZED_AUTOS = YES_AGGRESSIVE;
				GCC_WARN_UNUSED_FUNCTION = YES;
				GCC_WARN_UNUSED_VARIABLE = YES;
				MACOSX_DEPLOYMENT_TARGET = 10.13;
				MTL_ENABLE_DEBUG_INFO = YES;
				ONLY_ACTIVE_ARCH = YES;
				SDKROOT = macosx;
				SWIFT_ACTIVE_COMPILATION_CONDITIONS = DEBUG;
				SWIFT_OPTIMIZATION_LEVEL = "-Onone";
			};
			name = Debug;
		};
		4D7EF87D1FEB70D8003D90D2 /* Release */ = {
			isa = XCBuildConfiguration;
			buildSettings = {
				ALWAYS_SEARCH_USER_PATHS = NO;
				CLANG_ANALYZER_NONNULL = YES;
				CLANG_ANALYZER_NUMBER_OBJECT_CONVERSION = YES_AGGRESSIVE;
				CLANG_CXX_LANGUAGE_STANDARD = "gnu++14";
				CLANG_CXX_LIBRARY = "libc++";
				CLANG_ENABLE_MODULES = YES;
				CLANG_ENABLE_OBJC_ARC = YES;
				CLANG_WARN_BLOCK_CAPTURE_AUTORELEASING = YES;
				CLANG_WARN_BOOL_CONVERSION = YES;
				CLANG_WARN_COMMA = YES;
				CLANG_WARN_CONSTANT_CONVERSION = YES;
				CLANG_WARN_DIRECT_OBJC_ISA_USAGE = YES_ERROR;
				CLANG_WARN_DOCUMENTATION_COMMENTS = YES;
				CLANG_WARN_EMPTY_BODY = YES;
				CLANG_WARN_ENUM_CONVERSION = YES;
				CLANG_WARN_INFINITE_RECURSION = YES;
				CLANG_WARN_INT_CONVERSION = YES;
				CLANG_WARN_NON_LITERAL_NULL_CONVERSION = YES;
				CLANG_WARN_OBJC_LITERAL_CONVERSION = YES;
				CLANG_WARN_OBJC_ROOT_CLASS = YES_ERROR;
				CLANG_WARN_RANGE_LOOP_ANALYSIS = YES;
				CLANG_WARN_STRICT_PROTOTYPES = YES;
				CLANG_WARN_SUSPICIOUS_MOVE = YES;
				CLANG_WARN_UNGUARDED_AVAILABILITY = YES_AGGRESSIVE;
				CLANG_WARN_UNREACHABLE_CODE = YES;
				CLANG_WARN__DUPLICATE_METHOD_MATCH = YES;
				CODE_SIGN_IDENTITY = "-";
				COPY_PHASE_STRIP = NO;
				DEBUG_INFORMATION_FORMAT = "dwarf-with-dsym";
				ENABLE_NS_ASSERTIONS = NO;
				ENABLE_STRICT_OBJC_MSGSEND = YES;
				GCC_C_LANGUAGE_STANDARD = gnu11;
				GCC_NO_COMMON_BLOCKS = YES;
				GCC_WARN_64_TO_32_BIT_CONVERSION = YES;
				GCC_WARN_ABOUT_RETURN_TYPE = YES_ERROR;
				GCC_WARN_UNDECLARED_SELECTOR = YES;
				GCC_WARN_UNINITIALIZED_AUTOS = YES_AGGRESSIVE;
				GCC_WARN_UNUSED_FUNCTION = YES;
				GCC_WARN_UNUSED_VARIABLE = YES;
				MACOSX_DEPLOYMENT_TARGET = 10.13;
				MTL_ENABLE_DEBUG_INFO = NO;
				SDKROOT = macosx;
				SWIFT_OPTIMIZATION_LEVEL = "-Owholemodule";
			};
			name = Release;
		};
		4D7EF87F1FEB70D8003D90D2 /* Debug */ = {
			isa = XCBuildConfiguration;
			buildSettings = {
				ASSETCATALOG_COMPILER_APPICON_NAME = AppIcon;
				CODE_SIGN_STYLE = Automatic;
				COMBINE_HIDPI_IMAGES = YES;
				FRAMEWORK_SEARCH_PATHS = (
					"$(inherited)",
					"$(PROJECT_DIR)/Carthage/Build/Mac",
				);
				INFOPLIST_FILE = Volta/Info.plist;
				LD_RUNPATH_SEARCH_PATHS = "$(inherited) @executable_path/../Frameworks";
				PRODUCT_BUNDLE_IDENTIFIER = sigsegv.Volta;
				PRODUCT_NAME = "$(TARGET_NAME)";
				SWIFT_VERSION = 4.2;
			};
			name = Debug;
		};
		4D7EF8801FEB70D8003D90D2 /* Release */ = {
			isa = XCBuildConfiguration;
			buildSettings = {
				ASSETCATALOG_COMPILER_APPICON_NAME = AppIcon;
				CODE_SIGN_STYLE = Automatic;
				COMBINE_HIDPI_IMAGES = YES;
				FRAMEWORK_SEARCH_PATHS = (
					"$(inherited)",
					"$(PROJECT_DIR)/Carthage/Build/Mac",
				);
				INFOPLIST_FILE = Volta/Info.plist;
				LD_RUNPATH_SEARCH_PATHS = "$(inherited) @executable_path/../Frameworks";
				PRODUCT_BUNDLE_IDENTIFIER = sigsegv.Volta;
				PRODUCT_NAME = "$(TARGET_NAME)";
				SWIFT_VERSION = 4.2;
			};
			name = Release;
		};
		4D7EF8821FEB70D8003D90D2 /* Debug */ = {
			isa = XCBuildConfiguration;
			buildSettings = {
				ALWAYS_EMBED_SWIFT_STANDARD_LIBRARIES = YES;
				BUNDLE_LOADER = "$(TEST_HOST)";
				CODE_SIGN_STYLE = Automatic;
				COMBINE_HIDPI_IMAGES = YES;
				INFOPLIST_FILE = VoltaTests/Info.plist;
				LD_RUNPATH_SEARCH_PATHS = "$(inherited) @executable_path/../Frameworks @loader_path/../Frameworks";
				PRODUCT_BUNDLE_IDENTIFIER = sigsegv.VoltaTests;
				PRODUCT_NAME = "$(TARGET_NAME)";
				SWIFT_VERSION = 4.2;
				TEST_HOST = "$(BUILT_PRODUCTS_DIR)/Volta.app/Contents/MacOS/Volta";
			};
			name = Debug;
		};
		4D7EF8831FEB70D8003D90D2 /* Release */ = {
			isa = XCBuildConfiguration;
			buildSettings = {
				ALWAYS_EMBED_SWIFT_STANDARD_LIBRARIES = YES;
				BUNDLE_LOADER = "$(TEST_HOST)";
				CODE_SIGN_STYLE = Automatic;
				COMBINE_HIDPI_IMAGES = YES;
				INFOPLIST_FILE = VoltaTests/Info.plist;
				LD_RUNPATH_SEARCH_PATHS = "$(inherited) @executable_path/../Frameworks @loader_path/../Frameworks";
				PRODUCT_BUNDLE_IDENTIFIER = sigsegv.VoltaTests;
				PRODUCT_NAME = "$(TARGET_NAME)";
				SWIFT_VERSION = 4.2;
				TEST_HOST = "$(BUILT_PRODUCTS_DIR)/Volta.app/Contents/MacOS/Volta";
			};
			name = Release;
		};
		4D7EF8851FEB70D8003D90D2 /* Debug */ = {
			isa = XCBuildConfiguration;
			buildSettings = {
				ALWAYS_EMBED_SWIFT_STANDARD_LIBRARIES = YES;
				CODE_SIGN_STYLE = Automatic;
				COMBINE_HIDPI_IMAGES = YES;
				INFOPLIST_FILE = VoltaUITests/Info.plist;
				LD_RUNPATH_SEARCH_PATHS = "$(inherited) @executable_path/../Frameworks @loader_path/../Frameworks";
				PRODUCT_BUNDLE_IDENTIFIER = sigsegv.VoltaUITests;
				PRODUCT_NAME = "$(TARGET_NAME)";
				SWIFT_VERSION = 4.2;
				TEST_TARGET_NAME = Volta;
			};
			name = Debug;
		};
		4D7EF8861FEB70D8003D90D2 /* Release */ = {
			isa = XCBuildConfiguration;
			buildSettings = {
				ALWAYS_EMBED_SWIFT_STANDARD_LIBRARIES = YES;
				CODE_SIGN_STYLE = Automatic;
				COMBINE_HIDPI_IMAGES = YES;
				INFOPLIST_FILE = VoltaUITests/Info.plist;
				LD_RUNPATH_SEARCH_PATHS = "$(inherited) @executable_path/../Frameworks @loader_path/../Frameworks";
				PRODUCT_BUNDLE_IDENTIFIER = sigsegv.VoltaUITests;
				PRODUCT_NAME = "$(TARGET_NAME)";
				SWIFT_VERSION = 4.2;
				TEST_TARGET_NAME = Volta;
			};
			name = Release;
		};
/* End XCBuildConfiguration section */

/* Begin XCConfigurationList section */
		4D7EF8531FEB70D7003D90D2 /* Build configuration list for PBXProject "Volta" */ = {
			isa = XCConfigurationList;
			buildConfigurations = (
				4D7EF87C1FEB70D8003D90D2 /* Debug */,
				4D7EF87D1FEB70D8003D90D2 /* Release */,
			);
			defaultConfigurationIsVisible = 0;
			defaultConfigurationName = Release;
		};
		4D7EF87E1FEB70D8003D90D2 /* Build configuration list for PBXNativeTarget "Volta" */ = {
			isa = XCConfigurationList;
			buildConfigurations = (
				4D7EF87F1FEB70D8003D90D2 /* Debug */,
				4D7EF8801FEB70D8003D90D2 /* Release */,
			);
			defaultConfigurationIsVisible = 0;
			defaultConfigurationName = Release;
		};
		4D7EF8811FEB70D8003D90D2 /* Build configuration list for PBXNativeTarget "VoltaTests" */ = {
			isa = XCConfigurationList;
			buildConfigurations = (
				4D7EF8821FEB70D8003D90D2 /* Debug */,
				4D7EF8831FEB70D8003D90D2 /* Release */,
			);
			defaultConfigurationIsVisible = 0;
			defaultConfigurationName = Release;
		};
		4D7EF8841FEB70D8003D90D2 /* Build configuration list for PBXNativeTarget "VoltaUITests" */ = {
			isa = XCConfigurationList;
			buildConfigurations = (
				4D7EF8851FEB70D8003D90D2 /* Debug */,
				4D7EF8861FEB70D8003D90D2 /* Release */,
			);
			defaultConfigurationIsVisible = 0;
			defaultConfigurationName = Release;
		};
/* End XCConfigurationList section */
	};
	rootObject = 4D7EF8501FEB70D7003D90D2 /* Project object */;
}
